
Microsoft Visual Studio Solution File, Format Version 12.00
Project("{FAE04EC0-301F-11D3-BF4B-00C04F79EFBC}") = "DhtDatabase", "DhtDatabase\DhtDatabase.csproj", "{FD5FB966-7F58-46A3-B16B-66F33A5F05AE}"
EndProject
Global
	GlobalSection(SolutionConfigurationPlatforms) = preSolution
		Debug|Any CPU = Debug|Any CPU
		Release|Any CPU = Release|Any CPU
	EndGlobalSection
	GlobalSection(ProjectConfigurationPlatforms) = postSolution
		{FD5FB966-7F58-46A3-B16B-66F33A5F05AE}.Debug|Any CPU.ActiveCfg = Debug|Any CPU
		{FD5FB966-7F58-46A3-B16B-66F33A5F05AE}.Debug|Any CPU.Build.0 = Debug|Any CPU
		{FD5FB966-7F58-46A3-B16B-66F33A5F05AE}.Release|Any CPU.ActiveCfg = Release|Any CPU
		{FD5FB966-7F58-46A3-B16B-66F33A5F05AE}.Release|Any CPU.Build.0 = Release|Any CPU
	EndGlobalSection
EndGlobal
